
Microsoft Visual Studio Solution File, Format Version 12.00
# Visual Studio Version 17
VisualStudioVersion = 17.0.31919.166
MinimumVisualStudioVersion = 10.0.40219.1
Project("{2150E333-8FDC-42A3-9474-1A3956D46DE8}") = "src", "src", "{3B4F3121-9AFC-4ACB-A0D7-111024D6832A}"
EndProject
Project("{2150E333-8FDC-42A3-9474-1A3956D46DE8}") = "tests", "tests", "{086F5C21-4442-4F11-B7C1-66D38E9ABBC8}"
EndProject
Project("{9A19103F-16F7-4668-BE54-9A1E7A4F7556}") = "Application", "src\Application\Application.csproj", "{F5744F56-72CB-49CC-9CE3-B82BD80BEAB6}"
EndProject
Project("{9A19103F-16F7-4668-BE54-9A1E7A4F7556}") = "Infrastructure", "src\Infrastructure\Infrastructure.csproj", "{41009E6A-C412-4EC7-877C-8139E001D7B4}"
EndProject
Project("{9A19103F-16F7-4668-BE54-9A1E7A4F7556}") = "StoreApi", "src\WebApi\StoreApi.csproj", "{D44A542E-61F2-40F2-826F-8CA415D24546}"
EndProject
Project("{9A19103F-16F7-4668-BE54-9A1E7A4F7556}") = "UnitTests", "tests\UnitTests\UnitTests.csproj", "{224FFD27-872E-487E-9347-513216F60D62}"
EndProject
Global
	GlobalSection(SolutionConfigurationPlatforms) = preSolution
		Debug|Any CPU = Debug|Any CPU
		Release|Any CPU = Release|Any CPU
	EndGlobalSection
	GlobalSection(ProjectConfigurationPlatforms) = postSolution
		{F5744F56-72CB-49CC-9CE3-B82BD80BEAB6}.Debug|Any CPU.ActiveCfg = Debug|Any CPU
		{F5744F56-72CB-49CC-9CE3-B82BD80BEAB6}.Debug|Any CPU.Build.0 = Debug|Any CPU
		{F5744F56-72CB-49CC-9CE3-B82BD80BEAB6}.Release|Any CPU.ActiveCfg = Release|Any CPU
		{F5744F56-72CB-49CC-9CE3-B82BD80BEAB6}.Release|Any CPU.Build.0 = Release|Any CPU
		{41009E6A-C412-4EC7-877C-8139E001D7B4}.Debug|Any CPU.ActiveCfg = Debug|Any CPU
		{41009E6A-C412-4EC7-877C-8139E001D7B4}.Debug|Any CPU.Build.0 = Debug|Any CPU
		{41009E6A-C412-4EC7-877C-8139E001D7B4}.Release|Any CPU.ActiveCfg = Release|Any CPU
		{41009E6A-C412-4EC7-877C-8139E001D7B4}.Release|Any CPU.Build.0 = Release|Any CPU
		{D44A542E-61F2-40F2-826F-8CA415D24546}.Debug|Any CPU.ActiveCfg = Debug|Any CPU
		{D44A542E-61F2-40F2-826F-8CA415D24546}.Debug|Any CPU.Build.0 = Debug|Any CPU
		{D44A542E-61F2-40F2-826F-8CA415D24546}.Release|Any CPU.ActiveCfg = Release|Any CPU
		{D44A542E-61F2-40F2-826F-8CA415D24546}.Release|Any CPU.Build.0 = Release|Any CPU
		{224FFD27-872E-487E-9347-513216F60D62}.Debug|Any CPU.ActiveCfg = Debug|Any CPU
		{224FFD27-872E-487E-9347-513216F60D62}.Debug|Any CPU.Build.0 = Debug|Any CPU
		{224FFD27-872E-487E-9347-513216F60D62}.Release|Any CPU.ActiveCfg = Release|Any CPU
		{224FFD27-872E-487E-9347-513216F60D62}.Release|Any CPU.Build.0 = Release|Any CPU
	EndGlobalSection
	GlobalSection(SolutionProperties) = preSolution
		HideSolutionNode = FALSE
	EndGlobalSection
	GlobalSection(NestedProjects) = preSolution
		{F5744F56-72CB-49CC-9CE3-B82BD80BEAB6} = {3B4F3121-9AFC-4ACB-A0D7-111024D6832A}
		{41009E6A-C412-4EC7-877C-8139E001D7B4} = {3B4F3121-9AFC-4ACB-A0D7-111024D6832A}
		{D44A542E-61F2-40F2-826F-8CA415D24546} = {3B4F3121-9AFC-4ACB-A0D7-111024D6832A}
		{224FFD27-872E-487E-9347-513216F60D62} = {086F5C21-4442-4F11-B7C1-66D38E9ABBC8}
	EndGlobalSection
	GlobalSection(ExtensibilityGlobals) = postSolution
		SolutionGuid = {11720B41-1C52-4D78-A747-1AB83B709DE7}
	EndGlobalSection
EndGlobal
